{
  "version": 2,
  "dependencies": {
    "net10.0": {
      "CoreWCF.Primitives": {
        "type": "Direct",
        "requested": "[1.9.1, )",
        "resolved": "1.9.1",
        "contentHash": "qAUW6tHffvRm81UOqu8QOY3jIq8bZ8YgZLa1D2442bp4wjeS6xSijCCdCTi+GtpMLNVDn/gd3zuv4WSj/9ITpw==",
        "dependencies": {
          "Microsoft.AspNetCore.Authorization": "2.3.10",
          "Microsoft.AspNetCore.DataProtection": "2.3.10",
          "Microsoft.AspNetCore.DataProtection.Abstractions": "2.3.10",
          "Microsoft.AspNetCore.Hosting.Abstractions": "2.3.10",
          "Microsoft.AspNetCore.Hosting.Server.Abstractions": "2.3.10",
          "Microsoft.AspNetCore.Http.Abstractions": "2.3.10",
          "Microsoft.AspNetCore.Http.Features": "2.3.10",
          "Microsoft.Bcl.AsyncInterfaces": "8.0.0",
          "Microsoft.Bcl.HashCode": "6.0.0",
          "Microsoft.Extensions.Caching.Memory": "8.0.1",
          "Microsoft.Extensions.DependencyInjection.Abstractions": "8.0.2",
          "Microsoft.Extensions.Hosting.Abstractions": "8.0.1",
          "Microsoft.Extensions.Logging.Abstractions": "8.0.3",
          "Microsoft.Extensions.ObjectPool": "8.0.11",
          "Microsoft.Extensions.Options": "8.0.2",
          "Microsoft.Extensions.Primitives": "8.0.0",
          "Microsoft.IdentityModel.Tokens": "8.19.1",
          "Microsoft.IdentityModel.Tokens.Saml": "8.19.1",
          "System.DirectoryServices": "8.0.0",
          "System.DirectoryServices.Protocols": "8.0.2",
          "System.Security.Cryptography.ProtectedData": "8.0.0",
          "System.Security.Cryptography.Xml": "8.0.3",
          "System.Web.Services.Description": "8.1.2"
        }
      },
      "Microsoft.AspNetCore.Authorization": {
        "type": "Transitive",
        "resolved": "2.3.10",
        "contentHash": "q8xYTbVbyvyfUWDIOQD+1ghyQTY05zsVAk2aRNk3CbPf8LH7UZfKq0Da1hfUKibopQRfQ8/MeNPz7PkERgH/RA==",
        "dependencies": {
          "Microsoft.Extensions.Logging.Abstractions": "8.0.2",
          "Microsoft.Extensions.Options": "8.0.2"
        }
      },
      "Microsoft.AspNetCore.Cryptography.Internal": {
        "type": "Transitive",
        "resolved": "2.3.9",
        "contentHash": "sLHQ3ggo5kPTjR9xUXMeS4+F1uEgdC0ojyNs15RlVVoG3UysV/7n2PutH1r2MJl24QuxZeJqIZVeZB4cptijYw=="
      },
      "Microsoft.AspNetCore.DataProtection": {
        "type": "Transitive",
        "resolved": "2.3.10",
        "contentHash": "/yIRGOqZlLPhE7HmkRG8Bff4kY2yTdEDgsLE1FX1B98MbYB6o/atkJoMcMpx9Pr2lI1bVewYJBt/A9GbIkpIhA==",
        "dependencies": {
          "Microsoft.AspNetCore.Cryptography.Internal": "2.3.9",
          "Microsoft.AspNetCore.DataProtection.Abstractions": "2.3.9",
          "Microsoft.AspNetCore.Hosting.Abstractions": "2.3.9",
          "Microsoft.Extensions.DependencyInjection.Abstractions": "8.0.2",
          "Microsoft.Extensions.Logging.Abstractions": "8.0.2",
          "Microsoft.Extensions.Options": "8.0.2",
          "System.Security.Cryptography.Xml": "8.0.3"
        }
      },
      "Microsoft.AspNetCore.DataProtection.Abstractions": {
        "type": "Transitive",
        "resolved": "2.3.10",
        "contentHash": "B5NVnev7GS0dI988UDGkUUkMRGiCSQt8AaRGhpa+sJkmaV1n4UDTXtfYEg5IgXt4qbqCbcXdNY1f85Ue2KiDsA=="
      },
      "Microsoft.AspNetCore.Hosting.Abstractions": {
        "type": "Transitive",
        "resolved": "2.3.10",
        "contentHash": "lvDu1PDLHqRDAjAkD5kdUXsDtr4JXMUigFjcYCGcXGEneBIxrZ7GcyxfvIn+5NsoKnpgOcfRussJM3KgWT02fA==",
        "dependencies": {
          "Microsoft.AspNetCore.Hosting.Server.Abstractions": "2.3.9",
          "Microsoft.AspNetCore.Http.Abstractions": "2.3.9",
          "Microsoft.Extensions.Hosting.Abstractions": "8.0.1"
        }
      },
      "Microsoft.AspNetCore.Hosting.Server.Abstractions": {
        "type": "Transitive",
        "resolved": "2.3.10",
        "contentHash": "0XFKPFIX353uJBeumM9+E+z11RGlImpvTosKGaK7AZWRB/QWUfjN5AvQbsWIQQ6N5SKBvv1ehfU6Tye/+dRebQ==",
        "dependencies": {
          "Microsoft.AspNetCore.Http.Features": "2.3.9",
          "Microsoft.Extensions.Configuration.Abstractions": "8.0.0"
        }
      },
      "Microsoft.AspNetCore.Http.Abstractions": {
        "type": "Transitive",
        "resolved": "2.3.10",
        "contentHash": "FD6mE5v3qB/sEcnLNni1oHsATuLHIFzsKHCulUZS7iaJez8+TkD432L89DQtU9PfjCkaPO0JOQjB4tS4L8oZXQ==",
        "dependencies": {
          "Microsoft.AspNetCore.Http.Features": "2.3.9"
        }
      },
      "Microsoft.AspNetCore.Http.Features": {
        "type": "Transitive",
        "resolved": "2.3.10",
        "contentHash": "AktSafL1PkmbIoG0nx7van7bcvEvxnS4WBrIDaKvNr3uBxEj3epgT3DLbxIT1IjZKrubaV1xasXASdyaKSJlMA==",
        "dependencies": {
          "Microsoft.Extensions.Primitives": "8.0.0"
        }
      },
      "Microsoft.Bcl.AsyncInterfaces": {
        "type": "Transitive",
        "resolved": "8.0.0",
        "contentHash": "3WA9q9yVqJp222P3x1wYIGDAkpjAku0TMUaaQV22g6L67AI0LdOIrVS7Ht2vJfLHGSPVuqN94vIr15qn+HEkHw=="
      },
      "Microsoft.Bcl.Cryptography": {
        "type": "Transitive",
        "resolved": "10.0.2",
        "contentHash": "LG9Yll3B5aNpxv0+D47g6LiOiKBIlodhcHdQwcYzo8VeexFLGqx5ymetmA2aBRyo9cCcWsQWrFsdbsr8LvmWDw=="
      },
      "Microsoft.Bcl.HashCode": {
        "type": "Transitive",
        "resolved": "6.0.0",
        "contentHash": "GI4jcoi6eC9ZhNOQylIBaWOQjyGaR8T6N3tC1u8p3EXfndLCVNNWa+Zp+ocjvvS3kNBN09Zma2HXL0ezO0dRfw=="
      },
      "Microsoft.Extensions.Caching.Abstractions": {
        "type": "Transitive",
        "resolved": "8.0.0",
        "contentHash": "3KuSxeHoNYdxVYfg2IRZCThcrlJ1XJqIXkAWikCsbm5C/bCjv7G0WoKDyuR98Q+T607QT2Zl5GsbGRkENcV2yQ==",
        "dependencies": {
          "Microsoft.Extensions.Primitives": "8.0.0"
        }
      },
      "Microsoft.Extensions.Caching.Memory": {
        "type": "Transitive",
        "resolved": "8.0.1",
        "contentHash": "HFDnhYLccngrzyGgHkjEDU5FMLn4MpOsr5ElgsBMC4yx6lJh4jeWO7fHS8+TXPq+dgxCmUa/Trl8svObmwW4QA==",
        "dependencies": {
          "Microsoft.Extensions.Caching.Abstractions": "8.0.0",
          "Microsoft.Extensions.DependencyInjection.Abstractions": "8.0.2",
          "Microsoft.Extensions.Logging.Abstractions": "8.0.2",
          "Microsoft.Extensions.Options": "8.0.2",
          "Microsoft.Extensions.Primitives": "8.0.0"
        }
      },
      "Microsoft.Extensions.Configuration.Abstractions": {
        "type": "Transitive",
        "resolved": "8.0.0",
        "contentHash": "3lE/iLSutpgX1CC0NOW70FJoGARRHbyKmG7dc0klnUZ9Dd9hS6N/POPWhKhMLCEuNN5nXEY5agmlFtH562vqhQ==",
        "dependencies": {
          "Microsoft.Extensions.Primitives": "8.0.0"
        }
      },
      "Microsoft.Extensions.DependencyInjection.Abstractions": {
        "type": "Transitive",
        "resolved": "8.0.2",
        "contentHash": "3iE7UF7MQkCv1cxzCahz+Y/guQbTqieyxyaWKhrRO91itI9cOKO76OHeQDahqG4MmW5umr3CcCvGmK92lWNlbg=="
      },
      "Microsoft.Extensions.Diagnostics.Abstractions": {
        "type": "Transitive",
        "resolved": "8.0.1",
        "contentHash": "elH2vmwNmsXuKmUeMQ4YW9ldXiF+gSGDgg1vORksob5POnpaI6caj1Hu8zaYbEuibhqCoWg0YRWDazBY3zjBfg==",
        "dependencies": {
          "Microsoft.Extensions.DependencyInjection.Abstractions": "8.0.2",
          "Microsoft.Extensions.Options": "8.0.2"
        }
      },
      "Microsoft.Extensions.FileProviders.Abstractions": {
        "type": "Transitive",
        "resolved": "8.0.0",
        "contentHash": "ZbaMlhJlpisjuWbvXr4LdAst/1XxH3vZ6A0BsgTphZ2L4PGuxRLz7Jr/S7mkAAnOn78Vu0fKhEgNF5JO3zfjqQ==",
        "dependencies": {
          "Microsoft.Extensions.Primitives": "8.0.0"
        }
      },
      "Microsoft.Extensions.Hosting.Abstractions": {
        "type": "Transitive",
        "resolved": "8.0.1",
        "contentHash": "nHwq9aPBdBPYXPti6wYEEfgXddfBrYC+CQLn+qISiwQq5tpfaqDZSKOJNxoe9rfQxGf1c+2wC/qWFe1QYJPYqw==",
        "dependencies": {
          "Microsoft.Extensions.Configuration.Abstractions": "8.0.0",
          "Microsoft.Extensions.DependencyInjection.Abstractions": "8.0.2",
          "Microsoft.Extensions.Diagnostics.Abstractions": "8.0.1",
          "Microsoft.Extensions.FileProviders.Abstractions": "8.0.0",
          "Microsoft.Extensions.Logging.Abstractions": "8.0.2"
        }
      },
      "Microsoft.Extensions.Logging.Abstractions": {
        "type": "Transitive",
        "resolved": "8.0.3",
        "contentHash": "dL0QGToTxggRLMYY4ZYX5AMwBb+byQBd/5dMiZE07Nv73o6I5Are3C7eQTh7K2+A4ct0PVISSr7TZANbiNb2yQ==",
        "dependencies": {
          "Microsoft.Extensions.DependencyInjection.Abstractions": "8.0.2"
        }
      },
      "Microsoft.Extensions.ObjectPool": {
        "type": "Transitive",
        "resolved": "8.0.11",
        "contentHash": "6ApKcHNJigXBfZa6XlDQ8feJpq7SG1ogZXg6M4FiNzgd6irs3LUAzo0Pfn4F2ZI9liGnH1XIBR/OtSbZmJAV5w=="
      },
      "Microsoft.Extensions.Options": {
        "type": "Transitive",
        "resolved": "8.0.2",
        "contentHash": "dWGKvhFybsaZpGmzkGCbNNwBD1rVlWzrZKANLW/CcbFJpCEceMCGzT7zZwHOGBCbwM0SzBuceMj5HN1LKV1QqA==",
        "dependencies": {
          "Microsoft.Extensions.DependencyInjection.Abstractions": "8.0.0",
          "Microsoft.Extensions.Primitives": "8.0.0"
        }
      },
      "Microsoft.Extensions.Primitives": {
        "type": "Transitive",
        "resolved": "8.0.0",
        "contentHash": "bXJEZrW9ny8vjMF1JV253WeLhpEVzFo1lyaZu1vQ4ZxWUlVvknZ/+ftFgVheLubb4eZPSwwxBeqS1JkCOjxd8g=="
      },
      "Microsoft.IdentityModel.Abstractions": {
        "type": "Transitive",
        "resolved": "8.19.1",
        "contentHash": "gFA8THIk23uNF/vMdOHnjIdXD1LyA2g12cHzMJ+Xag6WpgWLw6E/6uCXxvA0gp9d2yAvkRt3xzFzMUiO/hofnQ=="
      },
      "Microsoft.IdentityModel.Logging": {
        "type": "Transitive",
        "resolved": "8.19.1",
        "contentHash": "H+sMrMpdbWnwkQnpb/ESkQovtOgdefmj0ecGCcP40mDKzE5i4dUYkH6599M9mWYFNGNJnTp92l/9wLubYXWimw==",
        "dependencies": {
          "Microsoft.IdentityModel.Abstractions": "8.19.1"
        }
      },
      "Microsoft.IdentityModel.Tokens": {
        "type": "Transitive",
        "resolved": "8.19.1",
        "contentHash": "KDiuSLXud2AFVNAOottd8ztVysfPeHyr4r8gofU3/VKUXlI7oytzGTnPsNJ/B3nui17rgz8wAdWNJOtzPjkUxw==",
        "dependencies": {
          "Microsoft.Bcl.Cryptography": "10.0.2",
          "Microsoft.Extensions.Logging.Abstractions": "8.0.0",
          "Microsoft.IdentityModel.Logging": "8.19.1"
        }
      },
      "Microsoft.IdentityModel.Tokens.Saml": {
        "type": "Transitive",
        "resolved": "8.19.1",
        "contentHash": "oWYkKn+Xsfs71g6P8PDKemD6BpQWyoa4sFwqJhZV3uoF42IBwUxFdM88j8NLTmwpllwpGaIVLgF9QfmqUIKjow==",
        "dependencies": {
          "Microsoft.IdentityModel.Tokens": "8.19.1",
          "Microsoft.IdentityModel.Xml": "8.19.1"
        }
      },
      "Microsoft.IdentityModel.Xml": {
        "type": "Transitive",
        "resolved": "8.19.1",
        "contentHash": "P38XLiHFE52MUrOJKQvPUkFnkkeavBL55KMqigf560clDPWGvJe57kgM0io7liHagGTanC4KAWzPLPV/hSsNnQ==",
        "dependencies": {
          "Microsoft.IdentityModel.Tokens": "8.19.1"
        }
      },
      "System.DirectoryServices": {
        "type": "Transitive",
        "resolved": "8.0.0",
        "contentHash": "7nit//efUTy1OsAKco2f02PMrwsR2S234N0dVVp84udC77YcvpOQDz5znAWMtgMWBzY1aRJvUW61jo/7vQRfXg=="
      },
      "System.DirectoryServices.Protocols": {
        "type": "Transitive",
        "resolved": "8.0.2",
        "contentHash": "7pSU+qkmdkwbikAvn4kpvClfyffaR7dYJw7ucBtO5d6m/7wgKZIULOZAGFLMIMOFFmg7xC67TYKptHxcbqQm+Q=="
      },
      "System.Security.Cryptography.Pkcs": {
        "type": "Transitive",
        "resolved": "10.0.11",
        "contentHash": "8IV+rI3xN/Mkq9MsSX7VZTv9T9Wt+tyhHLwBX9VNZBk8m8kknEs1JeTSjI2x9M2L/fSja+c2WSE5n5Yy0GXdoQ=="
      },
      "System.Security.Cryptography.ProtectedData": {
        "type": "Transitive",
        "resolved": "8.0.0",
        "contentHash": "+TUFINV2q2ifyXauQXRwy4CiBhqvDEDZeVJU7qfxya4aRYOKzVBpN+4acx25VcPB9ywUN6C0n8drWl110PhZEg=="
      },
      "System.Web.Services.Description": {
        "type": "Transitive",
        "resolved": "8.1.2",
        "contentHash": "FziIBleSpygZOBudSeMkawLgfarnSam7paGkTtV9ITyTmw/TdEqB+moS0TeApmNfAMWGbcWXDXr3djckuLgGDg=="
      },
      "System.Security.Cryptography.Xml": {
        "type": "CentralTransitive",
        "requested": "[10.0.11, )",
        "resolved": "10.0.11",
        "contentHash": "TokfVsaU2fmcwvsU6ihLCkseVfwhLX6Tmbl3qh3nOBIqHSX4yqFllpslA+PuHERH/ENu3kwqo4deZiyT0Wvh3Q==",
        "dependencies": {
          "System.Security.Cryptography.Pkcs": "10.0.11"
        }
      }
    }
  }
}